
Microsoft Visual Studio Solution File, Format Version 12.00
# Visual Studio Version 17
VisualStudioVersion = 17.8.34330.188
MinimumVisualStudioVersion = 10.0.40219.1
Project("{FAE04EC0-301F-11D3-BF4B-00C04F79EFBC}") = "ecom-cli", "ecom-cli.csproj", "{EEF5E710-F973-4A14-8D37-4F4A7BC4C842}"
EndProject
Project("{FAE04EC0-301F-11D3-BF4B-00C04F79EFBC}") = "UnitTests", "Tests\UnitTests\UnitTests.csproj", "{BBF80282-0323-4202-9074-050B3C96B75B}"
EndProject
Global
	GlobalSection(SolutionConfigurationPlatforms) = preSolution
		Debug|Any CPU = Debug|Any CPU
		Release|Any CPU = Release|Any CPU
	EndGlobalSection
	GlobalSection(ProjectConfigurationPlatforms) = postSolution
		{EEF5E710-F973-4A14-8D37-4F4A7BC4C842}.Debug|Any CPU.ActiveCfg = Debug|Any CPU
		{EEF5E710-F973-4A14-8D37-4F4A7BC4C842}.Debug|Any CPU.Build.0 = Debug|Any CPU
		{EEF5E710-F973-4A14-8D37-4F4A7BC4C842}.Release|Any CPU.ActiveCfg = Release|Any CPU
		{EEF5E710-F973-4A14-8D37-4F4A7BC4C842}.Release|Any CPU.Build.0 = Release|Any CPU
		{BBF80282-0323-4202-9074-050B3C96B75B}.Debug|Any CPU.ActiveCfg = Debug|Any CPU
		{BBF80282-0323-4202-9074-050B3C96B75B}.Debug|Any CPU.Build.0 = Debug|Any CPU
		{BBF80282-0323-4202-9074-050B3C96B75B}.Release|Any CPU.ActiveCfg = Release|Any CPU
		{BBF80282-0323-4202-9074-050B3C96B75B}.Release|Any CPU.Build.0 = Release|Any CPU
	EndGlobalSection
	GlobalSection(SolutionProperties) = preSolution
		HideSolutionNode = FALSE
	EndGlobalSection
	GlobalSection(ExtensibilityGlobals) = postSolution
		SolutionGuid = {5259A481-E528-41B2-9E2E-27A543B9E4D1}
	EndGlobalSection
EndGlobal
